{
  "generated_at": "2026-08-18T13:46:25Z",
  "generated_from_commit": "bdcaac266b338425330f99f04af0b9063ad5f562",
  "algorithm": "sha256",
  "fingerprint_algorithm": "sha256 / codemap-fingerprint-v1",
  "working_tree_has_uncommitted_changes": false,
  "record_format": "codemap-fingerprint-v1\\0 + bytewise path order + decimal path length:path\\0 + decimal content length:content\\0; missing tracked file content is MISSING\\0",
  "scope": [
    "apps/api",
    "apps/agent",
    "apps/cli",
    "apps/screenshotter",
    "apps/web",
    "crates/contracts",
    "infra",
    "scripts",
    "docs",
    ".github",
    "repository-root"
  ],
  "scanned_scope": [
    "apps/api",
    "apps/agent",
    "apps/cli",
    "apps/screenshotter",
    "apps/web",
    "crates/contracts",
    "infra",
    "scripts",
    "docs",
    ".github",
    "repository-root"
  ],
  "excluded_paths": [
    "docs/codemap/**",
    "apps/web/.design-sync/**",
    "scripts/fixtures/generated-apps/**"
  ],
  "excluded_directories": [
    "docs/codemap",
    "apps/web/.design-sync",
    "scripts/fixtures/generated-apps"
  ],
  "partitions": [
    {
      "id": "apps/api",
      "file_count": 127,
      "fingerprint": "312e6da925fb23e3f00231566494bf7ccbcb07ad415fd0b0b8dae7d042ce2aff"
    },
    {
      "id": "apps/agent",
      "file_count": 37,
      "fingerprint": "c238a8927f68963f7d5b1242850166fbb81e1540d6b53ad76ab867ce56740f40"
    },
    {
      "id": "apps/cli",
      "file_count": 11,
      "fingerprint": "fad6ca9724a37f4441b7910b0d8621c868b728385ac831fe36d7d582a42f3337"
    },
    {
      "id": "apps/screenshotter",
      "file_count": 3,
      "fingerprint": "f5b6b10b597058574eb7e20c9f65c60b26b2852686ffbd738b9d336478d14c70"
    },
    {
      "id": "apps/web",
      "file_count": 98,
      "fingerprint": "22c1040efdcc2c3cbd7e584d61ab002c859f50f3a859640ca90b16149c4db7d9"
    },
    {
      "id": "crates/contracts",
      "file_count": 17,
      "fingerprint": "a3dafe87002bb59f321807835ef1a9b27a8077c781c5da2eed33925e9e8ca805"
    },
    {
      "id": "infra",
      "file_count": 6,
      "fingerprint": "0b8147bcdf474c39a1497437f3340952564f1bd91b9e748674c6fb7a286c5acb"
    },
    {
      "id": "scripts",
      "file_count": 41,
      "fingerprint": "f884340398e33f70f59d03c23dc44ac28e0a5b3517e41e6f5d110fb747bb5ad3"
    },
    {
      "id": "docs",
      "file_count": 11,
      "fingerprint": "f3a20b580367cfb9fb406b0264d80ee52e514129320a5a2ae9250cd0d9cec101"
    },
    {
      "id": ".github",
      "file_count": 17,
      "fingerprint": "87ed386377d01df43be7830c1230da27b0eeac98fde68fd00fc0d60a51f7efe2"
    },
    {
      "id": "repository-root",
      "file_count": 14,
      "fingerprint": "c0d2cb29513a14148587820acb2e6a6ae39c2e1cd98ac67d817d265e00cecd81"
    }
  ],
  "module_fingerprints": {
    "apps/api": "312e6da925fb23e3f00231566494bf7ccbcb07ad415fd0b0b8dae7d042ce2aff",
    "apps/agent": "c238a8927f68963f7d5b1242850166fbb81e1540d6b53ad76ab867ce56740f40",
    "apps/cli": "fad6ca9724a37f4441b7910b0d8621c868b728385ac831fe36d7d582a42f3337",
    "apps/screenshotter": "f5b6b10b597058574eb7e20c9f65c60b26b2852686ffbd738b9d336478d14c70",
    "apps/web": "22c1040efdcc2c3cbd7e584d61ab002c859f50f3a859640ca90b16149c4db7d9",
    "crates/contracts": "a3dafe87002bb59f321807835ef1a9b27a8077c781c5da2eed33925e9e8ca805",
    "infra": "0b8147bcdf474c39a1497437f3340952564f1bd91b9e748674c6fb7a286c5acb",
    "scripts": "f884340398e33f70f59d03c23dc44ac28e0a5b3517e41e6f5d110fb747bb5ad3",
    "docs": "f3a20b580367cfb9fb406b0264d80ee52e514129320a5a2ae9250cd0d9cec101",
    ".github": "87ed386377d01df43be7830c1230da27b0eeac98fde68fd00fc0d60a51f7efe2",
    "repository-root": "c0d2cb29513a14148587820acb2e6a6ae39c2e1cd98ac67d817d265e00cecd81"
  },
  "module_file_counts": {
    "apps/api": 127,
    "apps/agent": 37,
    "apps/cli": 11,
    "apps/screenshotter": 3,
    "apps/web": 98,
    "crates/contracts": 17,
    "infra": 6,
    "scripts": 41,
    "docs": 11,
    ".github": 17,
    "repository-root": 14
  },
  "total_file_count": 382,
  "fingerprint": "fef86f7a694e1d8f55c8d303b617bbead6e5dc687d8cbbf0635bbd1817c10aad"
}
